{
  "version": 4,
  "terraform_version": "1.10.5",
  "serial": 10,
  "lineage": "cfbb3545-8aa3-8924-75d5-6efdabf3e890",
  "outputs": {},
  "resources": [
    {
      "mode": "managed",
      "type": "local_file",
      "name": "devops",
      "provider": "provider[\"registry.terraform.io/hashicorp/local\"]",
      "instances": [
        {
          "schema_version": 0,
          "attributes": {
            "content": "I will becoma an Devops engineer",
            "content_base64": null,
            "content_base64sha256": "UYkY8suio9Wi/qSP0KkEL0nlA0qeu454Q+pMPX3jETk=",
            "content_base64sha512": "BCt62xtBUUZIdC9dJRNWQv7Q+Fu9yQh1hLifxUfKEW+rRy5efuJKN/nsfA8K1qPs8P0D4u4YmUTkgQR8Ye3PQQ==",
            "content_md5": "877f99cd9e28b713da9a737580f7a65b",
            "content_sha1": "aa11cb0b1dffbc4119c5027c1766a0d8aef3713f",
            "content_sha256": "518918f2cba2a3d5a2fea48fd0a9042f49e5034a9ebb8e7843ea4c3d7de31139",
            "content_sha512": "042b7adb1b41514648742f5d25135642fed0f85bbdc9087584b89fc547ca116fab472e5e7ee24a37f9ec7c0f0ad6a3ecf0fd03e2ee189944e481047c61edcf41",
            "directory_permission": "0777",
            "file_permission": "0777",
            "filename": "/home/ubuntu/Terraform_Variable/terraform_local/DevopsAuto.txt",
            "id": "aa11cb0b1dffbc4119c5027c1766a0d8aef3713f",
            "sensitive_content": null,
            "source": null
          },
          "sensitive_attributes": [
            [
              {
                "type": "get_attr",
                "value": "sensitive_content"
              }
            ]
          ]
        }
      ]
    },
    {
      "mode": "managed",
      "type": "local_file",
      "name": "devops1",
      "provider": "provider[\"registry.terraform.io/hashicorp/local\"]",
      "instances": [
        {
          "schema_version": 0,
          "attributes": {
            "content": "This is terraform day2",
            "content_base64": null,
            "content_base64sha256": "pmsgcDUvTNRMNMwkuw+elKXqUwZ77mQDiR9fYCtTXKM=",
            "content_base64sha512": "7JS6HMJsOQPC798K/QATtgSnkal8BASbRLFeEjtcGJHt+zeErmLieJgs3Qb4UGy5br6FYG3itxymYT5mZBsJCA==",
            "content_md5": "22eef07bc7ecd14d0d54d58185982ba8",
            "content_sha1": "9e91b6197c68ec2ee17c7917bc316627dcb68b11",
            "content_sha256": "a66b2070352f4cd44c34cc24bb0f9e94a5ea53067bee6403891f5f602b535ca3",
            "content_sha512": "ec94ba1cc26c3903c2efdf0afd0013b604a791a97c04049b44b15e123b5c1891edfb3784ae62e278982cdd06f8506cb96ebe85606de2b71ca6613e66641b0908",
            "directory_permission": "0777",
            "file_permission": "0777",
            "filename": "/home/ubuntu/Terraform_Variable/Shiva.txt",
            "id": "9e91b6197c68ec2ee17c7917bc316627dcb68b11",
            "sensitive_content": null,
            "source": null
          },
          "sensitive_attributes": [
            [
              {
                "type": "get_attr",
                "value": "sensitive_content"
              }
            ]
          ]
        }
      ]
    },
    {
      "mode": "managed",
      "type": "local_file",
      "name": "devops_var",
      "provider": "provider[\"registry.terraform.io/hashicorp/local\"]",
      "instances": [
        {
          "schema_version": 0,
          "attributes": {
            "content": "genetred by variable",
            "content_base64": null,
            "content_base64sha256": "EAvsL5COTlmbixboIc9Fwj9ybEIvx0Ft/ZfHGCEKXQY=",
            "content_base64sha512": "lk+ywtvK/pBYoCbbq0TEoPAAdAn6PyZ65ZMahfwwDJ32RrnauR4BTl3RB3QpHzzsSpJrgp84dJOFA9GQnZN+eQ==",
            "content_md5": "da664fabaed8b10f61c39e363240b5aa",
            "content_sha1": "9910b12001f4e5d786d4b9fdac86c6bfa2a428a4",
            "content_sha256": "100bec2f908e4e599b8b16e821cf45c23f726c422fc7416dfd97c718210a5d06",
            "content_sha512": "964fb2c2dbcafe9058a026dbab44c4a0f0007409fa3f267ae5931a85fc300c9df646b9dab91e014e5dd10774291f3cec4a926b829f3874938503d1909d937e79",
            "directory_permission": "0777",
            "file_permission": "0777",
            "filename": "/home/ubuntu/Terraform_Variable/Shiva1.txt",
            "id": "9910b12001f4e5d786d4b9fdac86c6bfa2a428a4",
            "sensitive_content": null,
            "source": null
          },
          "sensitive_attributes": [
            [
              {
                "type": "get_attr",
                "value": "sensitive_content"
              }
            ]
          ]
        }
      ]
    }
  ],
  "check_results": null
}
