{
  "version": 4,
  "terraform_version": "1.10.5",
  "serial": 15,
  "lineage": "cfbb3545-8aa3-8924-75d5-6efdabf3e890",
  "outputs": {
    "devops_trainer": {
      "value": "yes",
      "type": "string"
    }
  },
  "resources": [
    {
      "mode": "managed",
      "type": "local_file",
      "name": "devops",
      "provider": "provider[\"registry.terraform.io/hashicorp/local\"]",
      "instances": [
        {
          "schema_version": 0,
          "attributes": {
            "content": "I will becoma an Devops engineer",
            "content_base64": null,
            "content_base64sha256": "UYkY8suio9Wi/qSP0KkEL0nlA0qeu454Q+pMPX3jETk=",
            "content_base64sha512": "BCt62xtBUUZIdC9dJRNWQv7Q+Fu9yQh1hLifxUfKEW+rRy5efuJKN/nsfA8K1qPs8P0D4u4YmUTkgQR8Ye3PQQ==",
            "content_md5": "877f99cd9e28b713da9a737580f7a65b",
            "content_sha1": "aa11cb0b1dffbc4119c5027c1766a0d8aef3713f",
            "content_sha256": "518918f2cba2a3d5a2fea48fd0a9042f49e5034a9ebb8e7843ea4c3d7de31139",
            "content_sha512": "042b7adb1b41514648742f5d25135642fed0f85bbdc9087584b89fc547ca116fab472e5e7ee24a37f9ec7c0f0ad6a3ecf0fd03e2ee189944e481047c61edcf41",
            "directory_permission": "0777",
            "file_permission": "0777",
            "filename": "/home/ubuntu/Terraform_Variable/terraform_local/DevopsAuto.txt",
            "id": "aa11cb0b1dffbc4119c5027c1766a0d8aef3713f",
            "sensitive_content": null,
            "source": null
          },
          "sensitive_attributes": [
            [
              {
                "type": "get_attr",
                "value": "sensitive_content"
              }
            ]
          ]
        }
      ]
    },
    {
      "mode": "managed",
      "type": "local_file",
      "name": "devops1",
      "provider": "provider[\"registry.terraform.io/hashicorp/local\"]",
      "instances": [
        {
          "schema_version": 0,
          "attributes": {
            "content": " This is conetent1",
            "content_base64": null,
            "content_base64sha256": "wsOAdznyUf1wS6i/C61ApDtDM4ukKLuq8vy6u6Y+TA4=",
            "content_base64sha512": "qRTnQVYX4E97PDlH2LgsOp4zBWOAc2uLK6dh+BLKMfrAu1pLFRZzZKaPKWv6inGPE70Pau7ykVv21ZVl2CtUfw==",
            "content_md5": "5cda2b8208a4c843bfe205dc5213152d",
            "content_sha1": "c0f17ecf0a8c2a57b25173656e08adb84fa5d388",
            "content_sha256": "c2c3807739f251fd704ba8bf0bad40a43b43338ba428bbaaf2fcbabba63e4c0e",
            "content_sha512": "a914e7415617e04f7b3c3947d8b82c3a9e33056380736b8b2ba761f812ca31fac0bb5a4b15167364a68f296bfa8a718f13bd0f6aeef2915bf6d59565d82b547f",
            "directory_permission": "0777",
            "file_permission": "0777",
            "filename": "/home/ubuntu/Terraform_Variable/Shiva.txt",
            "id": "c0f17ecf0a8c2a57b25173656e08adb84fa5d388",
            "sensitive_content": null,
            "source": null
          },
          "sensitive_attributes": [
            [
              {
                "type": "get_attr",
                "value": "sensitive_content"
              }
            ]
          ]
        }
      ]
    },
    {
      "mode": "managed",
      "type": "local_file",
      "name": "devops_var",
      "provider": "provider[\"registry.terraform.io/hashicorp/local\"]",
      "instances": [
        {
          "schema_version": 0,
          "attributes": {
            "content": "This is content2",
            "content_base64": null,
            "content_base64sha256": "F+Y7FrDPxGwfmGjEavqLFQOxZ2MvmdBur5M7OySB/qQ=",
            "content_base64sha512": "C1xVDxRDlaYmSnpsJfHQAsz5TkCMmcaxcUGf5NlqitMvYjJUht+gdq57PpJ4YTjKVCCvrdUrUmTZuDHVCeggVQ==",
            "content_md5": "3061a25b7cdfb5529133a4a7f0e9d341",
            "content_sha1": "5705f8a4c06e73fc0e4e60e76ab65f82984ce323",
            "content_sha256": "17e63b16b0cfc46c1f9868c46afa8b1503b167632f99d06eaf933b3b2481fea4",
            "content_sha512": "0b5c550f144395a6264a7a6c25f1d002ccf94e408c99c6b171419fe4d96a8ad32f62325486dfa076ae7b3e92786138ca5420afadd52b5264d9b831d509e82055",
            "directory_permission": "0777",
            "file_permission": "0777",
            "filename": "/home/ubuntu/Terraform_Variable/Shiva1.txt",
            "id": "5705f8a4c06e73fc0e4e60e76ab65f82984ce323",
            "sensitive_content": null,
            "source": null
          },
          "sensitive_attributes": [
            [
              {
                "type": "get_attr",
                "value": "sensitive_content"
              }
            ]
          ]
        }
      ]
    }
  ],
  "check_results": null
}
